// !$*UTF8*$!
{
	archiveVersion = 1;
	classes = {
	};
	objectVersion = 50;
	objects = {

/* Begin PBXBuildFile section */
		CC7E1F5920E9325200B60523 /* AppDelegate.swift in Sources */ = {isa = PBXBuildFile; fileRef = CC7E1F5820E9325200B60523 /* AppDelegate.swift */; };
		CC7E1F5E20E9325200B60523 /* Main.storyboard in Resources */ = {isa = PBXBuildFile; fileRef = CC7E1F5C20E9325200B60523 /* Main.storyboard */; };
		CC7E1F6020E9325700B60523 /* Assets.xcassets in Resources */ = {isa = PBXBuildFile; fileRef = CC7E1F5F20E9325700B60523 /* Assets.xcassets */; };
		CC7E1F6320E9325700B60523 /* LaunchScreen.storyboard in Resources */ = {isa = PBXBuildFile; fileRef = CC7E1F6120E9325700B60523 /* LaunchScreen.storyboard */; };
		CC7E1F6B20E9422400B60523 /* TarefasTableViewController.swift in Sources */ = {isa = PBXBuildFile; fileRef = CC7E1F6A20E9422400B60523 /* TarefasTableViewController.swift */; };
		CC7E1F6D20E942C200B60523 /* CadastroTarefaViewController.swift in Sources */ = {isa = PBXBuildFile; fileRef = CC7E1F6C20E942C200B60523 /* CadastroTarefaViewController.swift */; };
		CC7E1F6F20E943AB00B60523 /* TarefaUserDefaults.swift in Sources */ = {isa = PBXBuildFile; fileRef = CC7E1F6E20E943AB00B60523 /* TarefaUserDefaults.swift */; };
/* End PBXBuildFile section */

/* Begin PBXFileReference section */
		CC7E1F5520E9325200B60523 /* Lista Tarefas.app */ = {isa = PBXFileReference; explicitFileType = wrapper.application; includeInIndex = 0; path = "Lista Tarefas.app"; sourceTree = BUILT_PRODUCTS_DIR; };
		CC7E1F5820E9325200B60523 /* AppDelegate.swift */ = {isa = PBXFileReference; lastKnownFileType = sourcecode.swift; path = AppDelegate.swift; sourceTree = "<group>"; };
		CC7E1F5D20E9325200B60523 /* Base */ = {isa = PBXFileReference; lastKnownFileType = file.storyboard; name = Base; path = Base.lproj/Main.storyboard; sourceTree = "<group>"; };
		CC7E1F5F20E9325700B60523 /* Assets.xcassets */ = {isa = PBXFileReference; lastKnownFileType = folder.assetcatalog; path = Assets.xcassets; sourceTree = "<group>"; };
		CC7E1F6220E9325700B60523 /* Base */ = {isa = PBXFileReference; lastKnownFileType = file.storyboard; name = Base; path = Base.lproj/LaunchScreen.storyboard; sourceTree = "<group>"; };
		CC7E1F6420E9325700B60523 /* Info.plist */ = {isa = PBXFileReference; lastKnownFileType = text.plist.xml; path = Info.plist; sourceTree = "<group>"; };
		CC7E1F6A20E9422400B60523 /* TarefasTableViewController.swift */ = {isa = PBXFileReference; lastKnownFileType = sourcecode.swift; path = TarefasTableViewController.swift; sourceTree = "<group>"; };
		CC7E1F6C20E942C200B60523 /* CadastroTarefaViewController.swift */ = {isa = PBXFileReference; lastKnownFileType = sourcecode.swift; path = CadastroTarefaViewController.swift; sourceTree = "<group>"; };
		CC7E1F6E20E943AB00B60523 /* TarefaUserDefaults.swift */ = {isa = PBXFileReference; lastKnownFileType = sourcecode.swift; path = TarefaUserDefaults.swift; sourceTree = "<group>"; };
/* End PBXFileReference section */

/* Begin PBXFrameworksBuildPhase section */
		CC7E1F5220E9325200B60523 /* Frameworks */ = {
			isa = PBXFrameworksBuildPhase;
			buildActionMask = 2147483647;
			files = (
			);
			runOnlyForDeploymentPostprocessing = 0;
		};
/* End PBXFrameworksBuildPhase section */

/* Begin PBXGroup section */
		CC7E1F4C20E9325200B60523 = {
			isa = PBXGroup;
			children = (
				CC7E1F5720E9325200B60523 /* Lista Tarefas */,
				CC7E1F5620E9325200B60523 /* Products */,
			);
			sourceTree = "<group>";
		};
		CC7E1F5620E9325200B60523 /* Products */ = {
			isa = PBXGroup;
			children = (
				CC7E1F5520E9325200B60523 /* Lista Tarefas.app */,
			);
			name = Products;
			sourceTree = "<group>";
		};
		CC7E1F5720E9325200B60523 /* Lista Tarefas */ = {
			isa = PBXGroup;
			children = (
				CC7E1F5820E9325200B60523 /* AppDelegate.swift */,
				CC7E1F6A20E9422400B60523 /* TarefasTableViewController.swift */,
				CC7E1F6C20E942C200B60523 /* CadastroTarefaViewController.swift */,
				CC7E1F6E20E943AB00B60523 /* TarefaUserDefaults.swift */,
				CC7E1F5C20E9325200B60523 /* Main.storyboard */,
				CC7E1F5F20E9325700B60523 /* Assets.xcassets */,
				CC7E1F6120E9325700B60523 /* LaunchScreen.storyboard */,
				CC7E1F6420E9325700B60523 /* Info.plist */,
			);
			path = "Lista Tarefas";
			sourceTree = "<group>";
		};
/* End PBXGroup section */

/* Begin PBXNativeTarget section */
		CC7E1F5420E9325200B60523 /* Lista Tarefas */ = {
			isa = PBXNativeTarget;
			buildConfigurationList = CC7E1F6720E9325700B60523 /* Build configuration list for PBXNativeTarget "Lista Tarefas" */;
			buildPhases = (
				CC7E1F5120E9325200B60523 /* Sources */,
				CC7E1F5220E9325200B60523 /* Frameworks */,
				CC7E1F5320E9325200B60523 /* Resources */,
			);
			buildRules = (
			);
			dependencies = (
			);
			name = "Lista Tarefas";
			productName = "Lista Tarefas";
			productReference = CC7E1F5520E9325200B60523 /* Lista Tarefas.app */;
			productType = "com.apple.product-type.application";
		};
/* End PBXNativeTarget section */

/* Begin PBXProject section */
		CC7E1F4D20E9325200B60523 /* Project object */ = {
			isa = PBXProject;
			attributes = {
				LastSwiftUpdateCheck = 0940;
				LastUpgradeCheck = 0940;
				ORGANIZATIONNAME = "Curso IOS";
				TargetAttributes = {
					CC7E1F5420E9325200B60523 = {
						CreatedOnToolsVersion = 9.4.1;
					};
				};
			};
			buildConfigurationList = CC7E1F5020E9325200B60523 /* Build configuration list for PBXProject "Lista Tarefas" */;
			compatibilityVersion = "Xcode 9.3";
			developmentRegion = en;
			hasScannedForEncodings = 0;
			knownRegions = (
				en,
				Base,
			);
			mainGroup = CC7E1F4C20E9325200B60523;
			productRefGroup = CC7E1F5620E9325200B60523 /* Products */;
			projectDirPath = "";
			projectRoot = "";
			targets = (
				CC7E1F5420E9325200B60523 /* Lista Tarefas */,
			);
		};
/* End PBXProject section */

/* Begin PBXResourcesBuildPhase section */
		CC7E1F5320E9325200B60523 /* Resources */ = {
			isa = PBXResourcesBuildPhase;
			buildActionMask = 2147483647;
			files = (
				CC7E1F6320E9325700B60523 /* LaunchScreen.storyboard in Resources */,
				CC7E1F6020E9325700B60523 /* Assets.xcassets in Resources */,
				CC7E1F5E20E9325200B60523 /* Main.storyboard in Resources */,
			);
			runOnlyForDeploymentPostprocessing = 0;
		};
/* End PBXResourcesBuildPhase section */

/* Begin PBXSourcesBuildPhase section */
		CC7E1F5120E9325200B60523 /* Sources */ = {
			isa = PBXSourcesBuildPhase;
			buildActionMask = 2147483647;
			files = (
				CC7E1F6D20E942C200B60523 /* CadastroTarefaViewController.swift in Sources */,
				CC7E1F6F20E943AB00B60523 /* TarefaUserDefaults.swift in Sources */,
				CC7E1F6B20E9422400B60523 /* TarefasTableViewController.swift in Sources */,
				CC7E1F5920E9325200B60523 /* AppDelegate.swift in Sources */,
			);
			runOnlyForDeploymentPostprocessing = 0;
		};
/* End PBXSourcesBuildPhase section */

/* Begin PBXVariantGroup section */
		CC7E1F5C20E9325200B60523 /* Main.storyboard */ = {
			isa = PBXVariantGroup;
			children = (
				CC7E1F5D20E9325200B60523 /* Base */,
			);
			name = Main.storyboard;
			sourceTree = "<group>";
		};
		CC7E1F6120E9325700B60523 /* LaunchScreen.storyboard */ = {
			isa = PBXVariantGroup;
			children = (
				CC7E1F6220E9325700B60523 /* Base */,
			);
			name = LaunchScreen.storyboard;
			sourceTree = "<group>";
		};
/* End PBXVariantGroup section */

/* Begin XCBuildConfiguration section */
		CC7E1F6520E9325700B60523 /* Debug */ = {
			isa = XCBuildConfiguration;
			buildSettings = {
				ALWAYS_SEARCH_USER_PATHS = NO;
				CLANG_ANALYZER_NONNULL = YES;
				CLANG_ANALYZER_NUMBER_OBJECT_CONVERSION = YES_AGGRESSIVE;
				CLANG_CXX_LANGUAGE_STANDARD = "gnu++14";
				CLANG_CXX_LIBRARY = "libc++";
				CLANG_ENABLE_MODULES = YES;
				CLANG_ENABLE_OBJC_ARC = YES;
				CLANG_ENABLE_OBJC_WEAK = YES;
				CLANG_WARN_BLOCK_CAPTURE_AUTORELEASING = YES;
				CLANG_WARN_BOOL_CONVERSION = YES;
				CLANG_WARN_COMMA = YES;
				CLANG_WARN_CONSTANT_CONVERSION = YES;
				CLANG_WARN_DEPRECATED_OBJC_IMPLEMENTATIONS = YES;
				CLANG_WARN_DIRECT_OBJC_ISA_USAGE = YES_ERROR;
				CLANG_WARN_DOCUMENTATION_COMMENTS = YES;
				CLANG_WARN_EMPTY_BODY = YES;
				CLANG_WARN_ENUM_CONVERSION = YES;
				CLANG_WARN_INFINITE_RECURSION = YES;
				CLANG_WARN_INT_CONVERSION = YES;
				CLANG_WARN_NON_LITERAL_NULL_CONVERSION = YES;
				CLANG_WARN_OBJC_IMPLICIT_RETAIN_SELF = YES;
				CLANG_WARN_OBJC_LITERAL_CONVERSION = YES;
				CLANG_WARN_OBJC_ROOT_CLASS = YES_ERROR;
				CLANG_WARN_RANGE_LOOP_ANALYSIS = YES;
				CLANG_WARN_STRICT_PROTOTYPES = YES;
				CLANG_WARN_SUSPICIOUS_MOVE = YES;
				CLANG_WARN_UNGUARDED_AVAILABILITY = YES_AGGRESSIVE;
				CLANG_WARN_UNREACHABLE_CODE = YES;
				CLANG_WARN__DUPLICATE_METHOD_MATCH = YES;
				CODE_SIGN_IDENTITY = "iPhone Developer";
				COPY_PHASE_STRIP = NO;
				DEBUG_INFORMATION_FORMAT = dwarf;
				ENABLE_STRICT_OBJC_MSGSEND = YES;
				ENABLE_TESTABILITY = YES;
				GCC_C_LANGUAGE_STANDARD = gnu11;
				GCC_DYNAMIC_NO_PIC = NO;
				GCC_NO_COMMON_BLOCKS = YES;
				GCC_OPTIMIZATION_LEVEL = 0;
				GCC_PREPROCESSOR_DEFINITIONS = (
					"DEBUG=1",
					"$(inherited)",
				);
				GCC_WARN_64_TO_32_BIT_CONVERSION = YES;
				GCC_WARN_ABOUT_RETURN_TYPE = YES_ERROR;
				GCC_WARN_UNDECLARED_SELECTOR = YES;
				GCC_WARN_UNINITIALIZED_AUTOS = YES_AGGRESSIVE;
				GCC_WARN_UNUSED_FUNCTION = YES;
				GCC_WARN_UNUSED_VARIABLE = YES;
				IPHONEOS_DEPLOYMENT_TARGET = 11.4;
				MTL_ENABLE_DEBUG_INFO = YES;
				ONLY_ACTIVE_ARCH = YES;
				SDKROOT = iphoneos;
				SWIFT_ACTIVE_COMPILATION_CONDITIONS = DEBUG;
				SWIFT_OPTIMIZATION_LEVEL = "-Onone";
			};
			name = Debug;
		};
		CC7E1F6620E9325700B60523 /* Release */ = {
			isa = XCBuildConfiguration;
			buildSettings = {
				ALWAYS_SEARCH_USER_PATHS = NO;
				CLANG_ANALYZER_NONNULL = YES;
				CLANG_ANALYZER_NUMBER_OBJECT_CONVERSION = YES_AGGRESSIVE;
				CLANG_CXX_LANGUAGE_STANDARD = "gnu++14";
				CLANG_CXX_LIBRARY = "libc++";
				CLANG_ENABLE_MODULES = YES;
				CLANG_ENABLE_OBJC_ARC = YES;
				CLANG_ENABLE_OBJC_WEAK = YES;
				CLANG_WARN_BLOCK_CAPTURE_AUTORELEASING = YES;
				CLANG_WARN_BOOL_CONVERSION = YES;
				CLANG_WARN_COMMA = YES;
				CLANG_WARN_CONSTANT_CONVERSION = YES;
				CLANG_WARN_DEPRECATED_OBJC_IMPLEMENTATIONS = YES;
				CLANG_WARN_DIRECT_OBJC_ISA_USAGE = YES_ERROR;
				CLANG_WARN_DOCUMENTATION_COMMENTS = YES;
				CLANG_WARN_EMPTY_BODY = YES;
				CLANG_WARN_ENUM_CONVERSION = YES;
				CLANG_WARN_INFINITE_RECURSION = YES;
				CLANG_WARN_INT_CONVERSION = YES;
				CLANG_WARN_NON_LITERAL_NULL_CONVERSION = YES;
				CLANG_WARN_OBJC_IMPLICIT_RETAIN_SELF = YES;
				CLANG_WARN_OBJC_LITERAL_CONVERSION = YES;
				CLANG_WARN_OBJC_ROOT_CLASS = YES_ERROR;
				CLANG_WARN_RANGE_LOOP_ANALYSIS = YES;
				CLANG_WARN_STRICT_PROTOTYPES = YES;
				CLANG_WARN_SUSPICIOUS_MOVE = YES;
				CLANG_WARN_UNGUARDED_AVAILABILITY = YES_AGGRESSIVE;
				CLANG_WARN_UNREACHABLE_CODE = YES;
				CLANG_WARN__DUPLICATE_METHOD_MATCH = YES;
				CODE_SIGN_IDENTITY = "iPhone Developer";
				COPY_PHASE_STRIP = NO;
				DEBUG_INFORMATION_FORMAT = "dwarf-with-dsym";
				ENABLE_NS_ASSERTIONS = NO;
				ENABLE_STRICT_OBJC_MSGSEND = YES;
				GCC_C_LANGUAGE_STANDARD = gnu11;
				GCC_NO_COMMON_BLOCKS = YES;
				GCC_WARN_64_TO_32_BIT_CONVERSION = YES;
				GCC_WARN_ABOUT_RETURN_TYPE = YES_ERROR;
				GCC_WARN_UNDECLARED_SELECTOR = YES;
				GCC_WARN_UNINITIALIZED_AUTOS = YES_AGGRESSIVE;
				GCC_WARN_UNUSED_FUNCTION = YES;
				GCC_WARN_UNUSED_VARIABLE = YES;
				IPHONEOS_DEPLOYMENT_TARGET = 11.4;
				MTL_ENABLE_DEBUG_INFO = NO;
				SDKROOT = iphoneos;
				SWIFT_COMPILATION_MODE = wholemodule;
				SWIFT_OPTIMIZATION_LEVEL = "-O";
				VALIDATE_PRODUCT = YES;
			};
			name = Release;
		};
		CC7E1F6820E9325700B60523 /* Debug */ = {
			isa = XCBuildConfiguration;
			buildSettings = {
				ASSETCATALOG_COMPILER_APPICON_NAME = AppIcon;
				CODE_SIGN_STYLE = Automatic;
				DEVELOPMENT_TEAM = GJ2HEDKV8J;
				INFOPLIST_FILE = "Lista Tarefas/Info.plist";
				LD_RUNPATH_SEARCH_PATHS = (
					"$(inherited)",
					"@executable_path/Frameworks",
				);
				PRODUCT_BUNDLE_IDENTIFIER = "com.cursoios11.Lista-Tarefas";
				PRODUCT_NAME = "$(TARGET_NAME)";
				SWIFT_VERSION = 4.0;
				TARGETED_DEVICE_FAMILY = "1,2";
			};
			name = Debug;
		};
		CC7E1F6920E9325700B60523 /* Release */ = {
			isa = XCBuildConfiguration;
			buildSettings = {
				ASSETCATALOG_COMPILER_APPICON_NAME = AppIcon;
				CODE_SIGN_STYLE = Automatic;
				DEVELOPMENT_TEAM = GJ2HEDKV8J;
				INFOPLIST_FILE = "Lista Tarefas/Info.plist";
				LD_RUNPATH_SEARCH_PATHS = (
					"$(inherited)",
					"@executable_path/Frameworks",
				);
				PRODUCT_BUNDLE_IDENTIFIER = "com.cursoios11.Lista-Tarefas";
				PRODUCT_NAME = "$(TARGET_NAME)";
				SWIFT_VERSION = 4.0;
				TARGETED_DEVICE_FAMILY = "1,2";
			};
			name = Release;
		};
/* End XCBuildConfiguration section */

/* Begin XCConfigurationList section */
		CC7E1F5020E9325200B60523 /* Build configuration list for PBXProject "Lista Tarefas" */ = {
			isa = XCConfigurationList;
			buildConfigurations = (
				CC7E1F6520E9325700B60523 /* Debug */,
				CC7E1F6620E9325700B60523 /* Release */,
			);
			defaultConfigurationIsVisible = 0;
			defaultConfigurationName = Release;
		};
		CC7E1F6720E9325700B60523 /* Build configuration list for PBXNativeTarget "Lista Tarefas" */ = {
			isa = XCConfigurationList;
			buildConfigurations = (
				CC7E1F6820E9325700B60523 /* Debug */,
				CC7E1F6920E9325700B60523 /* Release */,
			);
			defaultConfigurationIsVisible = 0;
			defaultConfigurationName = Release;
		};
/* End XCConfigurationList section */
	};
	rootObject = CC7E1F4D20E9325200B60523 /* Project object */;
}
